
Microsoft Visual Studio Solution File, Format Version 12.00
# Visual Studio Version 17
VisualStudioVersion = 17.7.34024.191
MinimumVisualStudioVersion = 10.0.40219.1
Project("{FAE04EC0-301F-11D3-BF4B-00C04F79EFBC}") = "Lab0", "Lab0\Lab0.csproj", "{D14BC991-AF0A-446C-BFF8-4D9CFFDBA4FF}"
EndProject
Global
	GlobalSection(SolutionConfigurationPlatforms) = preSolution
		Debug|Any CPU = Debug|Any CPU
		Release|Any CPU = Release|Any CPU
	EndGlobalSection
	GlobalSection(ProjectConfigurationPlatforms) = postSolution
		{D14BC991-AF0A-446C-BFF8-4D9CFFDBA4FF}.Debug|Any CPU.ActiveCfg = Debug|Any CPU
		{D14BC991-AF0A-446C-BFF8-4D9CFFDBA4FF}.Debug|Any CPU.Build.0 = Debug|Any CPU
		{D14BC991-AF0A-446C-BFF8-4D9CFFDBA4FF}.Release|Any CPU.ActiveCfg = Release|Any CPU
		{D14BC991-AF0A-446C-BFF8-4D9CFFDBA4FF}.Release|Any CPU.Build.0 = Release|Any CPU
	EndGlobalSection
	GlobalSection(SolutionProperties) = preSolution
		HideSolutionNode = FALSE
	EndGlobalSection
	GlobalSection(ExtensibilityGlobals) = postSolution
		SolutionGuid = {274D0DDE-B7C1-43E1-8B55-7187CD3A006E}
	EndGlobalSection
EndGlobal
